
Microsoft Visual Studio Solution File, Format Version 12.00
# Visual Studio 2012
Project("{2150E333-8FDC-42A3-9474-1A3956D46DE8}") = "Branches", "Branches", "{705DAE48-63EF-4AD7-A86F-BEDFB5DC41C6}"
EndProject
Project("{2150E333-8FDC-42A3-9474-1A3956D46DE8}") = "Clients", "Clients", "{2C2BD212-4665-4EA4-9C3E-F6FE9628C58E}"
EndProject
Project("{2150E333-8FDC-42A3-9474-1A3956D46DE8}") = "HelperLib", "HelperLib", "{6CC06E4E-9896-42D8-9DAE-DB49DDDEDDB8}"
EndProject
Project("{2150E333-8FDC-42A3-9474-1A3956D46DE8}") = "ServiceInterfaces", "ServiceInterfaces", "{7881FA74-7FC4-4068-80F6-1B38A9A46057}"
EndProject
Project("{2150E333-8FDC-42A3-9474-1A3956D46DE8}") = "Services", "Services", "{68FC26AB-77BC-4E82-91E7-94C5DB1869D5}"
EndProject
Project("{FAE04EC0-301F-11D3-BF4B-00C04F79EFBC}") = "HQOrderEntryServiceInterface", "HQOrderEntryServiceInterface\HQOrderEntryServiceInterface.csproj", "{E383543D-F779-4BEE-B8FB-C737204A53F7}"
EndProject
Project("{FAE04EC0-301F-11D3-BF4B-00C04F79EFBC}") = "HelperLib", "HelperLib\HelperLib.csproj", "{679295D4-8FC7-4E4D-BF44-B78D1E958D3F}"
EndProject
Project("{FAE04EC0-301F-11D3-BF4B-00C04F79EFBC}") = "HQOrderEntryImplementation", "HQOrderEntryImplementation\HQOrderEntryImplementation.csproj", "{473FA86A-19EE-4648-B2EB-4020BA3479C0}"
	ProjectSection(ProjectDependencies) = postProject
		{1E1F8C55-0469-498B-9DD7-7C7FDBAFCF96} = {1E1F8C55-0469-498B-9DD7-7C7FDBAFCF96}
	EndProjectSection
EndProject
Project("{FAE04EC0-301F-11D3-BF4B-00C04F79EFBC}") = "HQOrderEntryServiceHost", "HQOrderEntryServiceHost\HQOrderEntryServiceHost.csproj", "{3E37E58C-E9C1-4279-AB37-3F740606125D}"
EndProject
Project("{FAE04EC0-301F-11D3-BF4B-00C04F79EFBC}") = "OrderEntryApplication", "OrderEntryApplication\OrderEntryApplication.csproj", "{32C2C88E-E7FB-4562-B2E3-51AA9251DEC6}"
EndProject
Project("{FAE04EC0-301F-11D3-BF4B-00C04F79EFBC}") = "LocalOrderEntryInterface", "LocalOrderEntryInterface\LocalOrderEntryInterface.csproj", "{A0990BA7-FAB2-4320-8504-CEBF316DF1F6}"
EndProject
Project("{FAE04EC0-301F-11D3-BF4B-00C04F79EFBC}") = "HQProductServiceASMX", "HQProductServiceASMX\HQProductServiceASMX.csproj", "{1E1F8C55-0469-498B-9DD7-7C7FDBAFCF96}"
EndProject
Project("{FAE04EC0-301F-11D3-BF4B-00C04F79EFBC}") = "HQLocalizationService", "HQLocalizationService\HQLocalizationService.csproj", "{B4D90858-EB3B-4A7C-BA1D-D212EBC955AE}"
EndProject
Project("{FAE04EC0-301F-11D3-BF4B-00C04F79EFBC}") = "RealTimeOrderTrackingCallBackContract", "RealTimeOrderTrackingCallBackContract\RealTimeOrderTrackingCallBackContract.csproj", "{E00775E8-923D-4C90-BB65-1307A23CE49D}"
EndProject
Project("{FAE04EC0-301F-11D3-BF4B-00C04F79EFBC}") = "RealTimeOrderTrackingApplication", "RealTimeOrderTrackingApplication\RealTimeOrderTrackingApplication.csproj", "{C939F960-D94C-4B02-8900-A3A070A80211}"
EndProject
Project("{FAE04EC0-301F-11D3-BF4B-00C04F79EFBC}") = "RouterHost", "RouterHost\RouterHost.csproj", "{6B682678-35EF-48E8-8DF0-6AE1CBCDDF4F}"
EndProject
Project("{FAE04EC0-301F-11D3-BF4B-00C04F79EFBC}") = "ArgentinaHost", "ArgentinaHost\ArgentinaHost.csproj", "{4686E6AE-4E0B-40CF-B260-B05B4E1B59F5}"
EndProject
Project("{FAE04EC0-301F-11D3-BF4B-00C04F79EFBC}") = "BelgiumHost", "BelgiumHost\BelgiumHost.csproj", "{FE71F9B0-3ABF-43C7-B59B-C5F627EDDC4B}"
EndProject
Global
	GlobalSection(SolutionConfigurationPlatforms) = preSolution
		Debug|Any CPU = Debug|Any CPU
		Release|Any CPU = Release|Any CPU
	EndGlobalSection
	GlobalSection(ProjectConfigurationPlatforms) = postSolution
		{E383543D-F779-4BEE-B8FB-C737204A53F7}.Debug|Any CPU.ActiveCfg = Debug|Any CPU
		{E383543D-F779-4BEE-B8FB-C737204A53F7}.Debug|Any CPU.Build.0 = Debug|Any CPU
		{E383543D-F779-4BEE-B8FB-C737204A53F7}.Release|Any CPU.ActiveCfg = Release|Any CPU
		{E383543D-F779-4BEE-B8FB-C737204A53F7}.Release|Any CPU.Build.0 = Release|Any CPU
		{679295D4-8FC7-4E4D-BF44-B78D1E958D3F}.Debug|Any CPU.ActiveCfg = Debug|Any CPU
		{679295D4-8FC7-4E4D-BF44-B78D1E958D3F}.Debug|Any CPU.Build.0 = Debug|Any CPU
		{679295D4-8FC7-4E4D-BF44-B78D1E958D3F}.Release|Any CPU.ActiveCfg = Release|Any CPU
		{679295D4-8FC7-4E4D-BF44-B78D1E958D3F}.Release|Any CPU.Build.0 = Release|Any CPU
		{473FA86A-19EE-4648-B2EB-4020BA3479C0}.Debug|Any CPU.ActiveCfg = Debug|Any CPU
		{473FA86A-19EE-4648-B2EB-4020BA3479C0}.Debug|Any CPU.Build.0 = Debug|Any CPU
		{473FA86A-19EE-4648-B2EB-4020BA3479C0}.Release|Any CPU.ActiveCfg = Release|Any CPU
		{473FA86A-19EE-4648-B2EB-4020BA3479C0}.Release|Any CPU.Build.0 = Release|Any CPU
		{3E37E58C-E9C1-4279-AB37-3F740606125D}.Debug|Any CPU.ActiveCfg = Debug|Any CPU
		{3E37E58C-E9C1-4279-AB37-3F740606125D}.Debug|Any CPU.Build.0 = Debug|Any CPU
		{3E37E58C-E9C1-4279-AB37-3F740606125D}.Release|Any CPU.ActiveCfg = Release|Any CPU
		{3E37E58C-E9C1-4279-AB37-3F740606125D}.Release|Any CPU.Build.0 = Release|Any CPU
		{32C2C88E-E7FB-4562-B2E3-51AA9251DEC6}.Debug|Any CPU.ActiveCfg = Debug|Any CPU
		{32C2C88E-E7FB-4562-B2E3-51AA9251DEC6}.Debug|Any CPU.Build.0 = Debug|Any CPU
		{32C2C88E-E7FB-4562-B2E3-51AA9251DEC6}.Release|Any CPU.ActiveCfg = Release|Any CPU
		{32C2C88E-E7FB-4562-B2E3-51AA9251DEC6}.Release|Any CPU.Build.0 = Release|Any CPU
		{A0990BA7-FAB2-4320-8504-CEBF316DF1F6}.Debug|Any CPU.ActiveCfg = Debug|Any CPU
		{A0990BA7-FAB2-4320-8504-CEBF316DF1F6}.Debug|Any CPU.Build.0 = Debug|Any CPU
		{A0990BA7-FAB2-4320-8504-CEBF316DF1F6}.Release|Any CPU.ActiveCfg = Release|Any CPU
		{A0990BA7-FAB2-4320-8504-CEBF316DF1F6}.Release|Any CPU.Build.0 = Release|Any CPU
		{1E1F8C55-0469-498B-9DD7-7C7FDBAFCF96}.Debug|Any CPU.ActiveCfg = Debug|Any CPU
		{1E1F8C55-0469-498B-9DD7-7C7FDBAFCF96}.Debug|Any CPU.Build.0 = Debug|Any CPU
		{1E1F8C55-0469-498B-9DD7-7C7FDBAFCF96}.Release|Any CPU.ActiveCfg = Release|Any CPU
		{1E1F8C55-0469-498B-9DD7-7C7FDBAFCF96}.Release|Any CPU.Build.0 = Release|Any CPU
		{B4D90858-EB3B-4A7C-BA1D-D212EBC955AE}.Debug|Any CPU.ActiveCfg = Debug|Any CPU
		{B4D90858-EB3B-4A7C-BA1D-D212EBC955AE}.Debug|Any CPU.Build.0 = Debug|Any CPU
		{B4D90858-EB3B-4A7C-BA1D-D212EBC955AE}.Release|Any CPU.ActiveCfg = Release|Any CPU
		{B4D90858-EB3B-4A7C-BA1D-D212EBC955AE}.Release|Any CPU.Build.0 = Release|Any CPU
		{E00775E8-923D-4C90-BB65-1307A23CE49D}.Debug|Any CPU.ActiveCfg = Debug|Any CPU
		{E00775E8-923D-4C90-BB65-1307A23CE49D}.Debug|Any CPU.Build.0 = Debug|Any CPU
		{E00775E8-923D-4C90-BB65-1307A23CE49D}.Release|Any CPU.ActiveCfg = Release|Any CPU
		{E00775E8-923D-4C90-BB65-1307A23CE49D}.Release|Any CPU.Build.0 = Release|Any CPU
		{C939F960-D94C-4B02-8900-A3A070A80211}.Debug|Any CPU.ActiveCfg = Debug|Any CPU
		{C939F960-D94C-4B02-8900-A3A070A80211}.Debug|Any CPU.Build.0 = Debug|Any CPU
		{C939F960-D94C-4B02-8900-A3A070A80211}.Release|Any CPU.ActiveCfg = Release|Any CPU
		{C939F960-D94C-4B02-8900-A3A070A80211}.Release|Any CPU.Build.0 = Release|Any CPU
		{6B682678-35EF-48E8-8DF0-6AE1CBCDDF4F}.Debug|Any CPU.ActiveCfg = Debug|Any CPU
		{6B682678-35EF-48E8-8DF0-6AE1CBCDDF4F}.Debug|Any CPU.Build.0 = Debug|Any CPU
		{6B682678-35EF-48E8-8DF0-6AE1CBCDDF4F}.Release|Any CPU.ActiveCfg = Release|Any CPU
		{6B682678-35EF-48E8-8DF0-6AE1CBCDDF4F}.Release|Any CPU.Build.0 = Release|Any CPU
		{4686E6AE-4E0B-40CF-B260-B05B4E1B59F5}.Debug|Any CPU.ActiveCfg = Debug|Any CPU
		{4686E6AE-4E0B-40CF-B260-B05B4E1B59F5}.Debug|Any CPU.Build.0 = Debug|Any CPU
		{4686E6AE-4E0B-40CF-B260-B05B4E1B59F5}.Release|Any CPU.ActiveCfg = Release|Any CPU
		{4686E6AE-4E0B-40CF-B260-B05B4E1B59F5}.Release|Any CPU.Build.0 = Release|Any CPU
		{FE71F9B0-3ABF-43C7-B59B-C5F627EDDC4B}.Debug|Any CPU.ActiveCfg = Debug|Any CPU
		{FE71F9B0-3ABF-43C7-B59B-C5F627EDDC4B}.Debug|Any CPU.Build.0 = Debug|Any CPU
		{FE71F9B0-3ABF-43C7-B59B-C5F627EDDC4B}.Release|Any CPU.ActiveCfg = Release|Any CPU
		{FE71F9B0-3ABF-43C7-B59B-C5F627EDDC4B}.Release|Any CPU.Build.0 = Release|Any CPU
	EndGlobalSection
	GlobalSection(SolutionProperties) = preSolution
		HideSolutionNode = FALSE
	EndGlobalSection
	GlobalSection(NestedProjects) = preSolution
		{4686E6AE-4E0B-40CF-B260-B05B4E1B59F5} = {705DAE48-63EF-4AD7-A86F-BEDFB5DC41C6}
		{FE71F9B0-3ABF-43C7-B59B-C5F627EDDC4B} = {705DAE48-63EF-4AD7-A86F-BEDFB5DC41C6}
		{32C2C88E-E7FB-4562-B2E3-51AA9251DEC6} = {2C2BD212-4665-4EA4-9C3E-F6FE9628C58E}
		{C939F960-D94C-4B02-8900-A3A070A80211} = {2C2BD212-4665-4EA4-9C3E-F6FE9628C58E}
		{679295D4-8FC7-4E4D-BF44-B78D1E958D3F} = {6CC06E4E-9896-42D8-9DAE-DB49DDDEDDB8}
		{E383543D-F779-4BEE-B8FB-C737204A53F7} = {7881FA74-7FC4-4068-80F6-1B38A9A46057}
		{A0990BA7-FAB2-4320-8504-CEBF316DF1F6} = {7881FA74-7FC4-4068-80F6-1B38A9A46057}
		{E00775E8-923D-4C90-BB65-1307A23CE49D} = {7881FA74-7FC4-4068-80F6-1B38A9A46057}
		{473FA86A-19EE-4648-B2EB-4020BA3479C0} = {68FC26AB-77BC-4E82-91E7-94C5DB1869D5}
		{3E37E58C-E9C1-4279-AB37-3F740606125D} = {68FC26AB-77BC-4E82-91E7-94C5DB1869D5}
		{1E1F8C55-0469-498B-9DD7-7C7FDBAFCF96} = {68FC26AB-77BC-4E82-91E7-94C5DB1869D5}
		{B4D90858-EB3B-4A7C-BA1D-D212EBC955AE} = {68FC26AB-77BC-4E82-91E7-94C5DB1869D5}
		{6B682678-35EF-48E8-8DF0-6AE1CBCDDF4F} = {68FC26AB-77BC-4E82-91E7-94C5DB1869D5}
	EndGlobalSection
EndGlobal
