
Microsoft Visual Studio Solution File, Format Version 12.00
# Visual Studio 14
VisualStudioVersion = 14.0.23107.0
MinimumVisualStudioVersion = 10.0.40219.1
Project("{2150E333-8FDC-42A3-9474-1A3956D46DE8}") = "Branches", "Branches", "{705DAE48-63EF-4AD7-A86F-BEDFB5DC41C6}"
EndProject
Project("{2150E333-8FDC-42A3-9474-1A3956D46DE8}") = "Clients", "Clients", "{2C2BD212-4665-4EA4-9C3E-F6FE9628C58E}"
EndProject
Project("{2150E333-8FDC-42A3-9474-1A3956D46DE8}") = "HelperLib", "HelperLib", "{6CC06E4E-9896-42D8-9DAE-DB49DDDEDDB8}"
EndProject
Project("{2150E333-8FDC-42A3-9474-1A3956D46DE8}") = "ServiceInterfaces", "ServiceInterfaces", "{7881FA74-7FC4-4068-80F6-1B38A9A46057}"
EndProject
Project("{2150E333-8FDC-42A3-9474-1A3956D46DE8}") = "Services", "Services", "{68FC26AB-77BC-4E82-91E7-94C5DB1869D5}"
EndProject
Project("{FAE04EC0-301F-11D3-BF4B-00C04F79EFBC}") = "HQOrderEntryServiceInterface", "HQOrderEntryServiceInterface\HQOrderEntryServiceInterface.csproj", "{E383543D-F779-4BEE-B8FB-C737204A53F7}"
EndProject
Project("{FAE04EC0-301F-11D3-BF4B-00C04F79EFBC}") = "HelperLib", "HelperLib\HelperLib.csproj", "{679295D4-8FC7-4E4D-BF44-B78D1E958D3F}"
EndProject
Project("{FAE04EC0-301F-11D3-BF4B-00C04F79EFBC}") = "HQOrderEntryImplementation", "HQOrderEntryImplementation\HQOrderEntryImplementation.csproj", "{473FA86A-19EE-4648-B2EB-4020BA3479C0}"
	ProjectSection(ProjectDependencies) = postProject
		{18E5EF51-1C01-4CEB-8546-C64FAF50800A} = {18E5EF51-1C01-4CEB-8546-C64FAF50800A}
	EndProjectSection
EndProject
Project("{FAE04EC0-301F-11D3-BF4B-00C04F79EFBC}") = "HQOrderEntryServiceHost", "HQOrderEntryServiceHost\HQOrderEntryServiceHost.csproj", "{3E37E58C-E9C1-4279-AB37-3F740606125D}"
EndProject
Project("{FAE04EC0-301F-11D3-BF4B-00C04F79EFBC}") = "OrderEntryApplication", "OrderEntryApplication\OrderEntryApplication.csproj", "{32C2C88E-E7FB-4562-B2E3-51AA9251DEC6}"
EndProject
Project("{FAE04EC0-301F-11D3-BF4B-00C04F79EFBC}") = "LocalOrderEntryInterface", "LocalOrderEntryInterface\LocalOrderEntryInterface.csproj", "{A0990BA7-FAB2-4320-8504-CEBF316DF1F6}"
EndProject
Project("{FAE04EC0-301F-11D3-BF4B-00C04F79EFBC}") = "HQProductServiceASMX", "HQProductServiceASMX\HQProductServiceASMX.csproj", "{18E5EF51-1C01-4CEB-8546-C64FAF50800A}"
EndProject
Global
	GlobalSection(SolutionConfigurationPlatforms) = preSolution
		Debug|Any CPU = Debug|Any CPU
		Release|Any CPU = Release|Any CPU
	EndGlobalSection
	GlobalSection(ProjectConfigurationPlatforms) = postSolution
		{E383543D-F779-4BEE-B8FB-C737204A53F7}.Debug|Any CPU.ActiveCfg = Debug|Any CPU
		{E383543D-F779-4BEE-B8FB-C737204A53F7}.Debug|Any CPU.Build.0 = Debug|Any CPU
		{E383543D-F779-4BEE-B8FB-C737204A53F7}.Release|Any CPU.ActiveCfg = Release|Any CPU
		{E383543D-F779-4BEE-B8FB-C737204A53F7}.Release|Any CPU.Build.0 = Release|Any CPU
		{679295D4-8FC7-4E4D-BF44-B78D1E958D3F}.Debug|Any CPU.ActiveCfg = Debug|Any CPU
		{679295D4-8FC7-4E4D-BF44-B78D1E958D3F}.Debug|Any CPU.Build.0 = Debug|Any CPU
		{679295D4-8FC7-4E4D-BF44-B78D1E958D3F}.Release|Any CPU.ActiveCfg = Release|Any CPU
		{679295D4-8FC7-4E4D-BF44-B78D1E958D3F}.Release|Any CPU.Build.0 = Release|Any CPU
		{473FA86A-19EE-4648-B2EB-4020BA3479C0}.Debug|Any CPU.ActiveCfg = Debug|Any CPU
		{473FA86A-19EE-4648-B2EB-4020BA3479C0}.Debug|Any CPU.Build.0 = Debug|Any CPU
		{473FA86A-19EE-4648-B2EB-4020BA3479C0}.Release|Any CPU.ActiveCfg = Release|Any CPU
		{473FA86A-19EE-4648-B2EB-4020BA3479C0}.Release|Any CPU.Build.0 = Release|Any CPU
		{3E37E58C-E9C1-4279-AB37-3F740606125D}.Debug|Any CPU.ActiveCfg = Debug|Any CPU
		{3E37E58C-E9C1-4279-AB37-3F740606125D}.Debug|Any CPU.Build.0 = Debug|Any CPU
		{3E37E58C-E9C1-4279-AB37-3F740606125D}.Release|Any CPU.ActiveCfg = Release|Any CPU
		{3E37E58C-E9C1-4279-AB37-3F740606125D}.Release|Any CPU.Build.0 = Release|Any CPU
		{32C2C88E-E7FB-4562-B2E3-51AA9251DEC6}.Debug|Any CPU.ActiveCfg = Debug|Any CPU
		{32C2C88E-E7FB-4562-B2E3-51AA9251DEC6}.Debug|Any CPU.Build.0 = Debug|Any CPU
		{32C2C88E-E7FB-4562-B2E3-51AA9251DEC6}.Release|Any CPU.ActiveCfg = Release|Any CPU
		{32C2C88E-E7FB-4562-B2E3-51AA9251DEC6}.Release|Any CPU.Build.0 = Release|Any CPU
		{A0990BA7-FAB2-4320-8504-CEBF316DF1F6}.Debug|Any CPU.ActiveCfg = Debug|Any CPU
		{A0990BA7-FAB2-4320-8504-CEBF316DF1F6}.Debug|Any CPU.Build.0 = Debug|Any CPU
		{A0990BA7-FAB2-4320-8504-CEBF316DF1F6}.Release|Any CPU.ActiveCfg = Release|Any CPU
		{A0990BA7-FAB2-4320-8504-CEBF316DF1F6}.Release|Any CPU.Build.0 = Release|Any CPU
		{18E5EF51-1C01-4CEB-8546-C64FAF50800A}.Debug|Any CPU.ActiveCfg = Debug|Any CPU
		{18E5EF51-1C01-4CEB-8546-C64FAF50800A}.Debug|Any CPU.Build.0 = Debug|Any CPU
		{18E5EF51-1C01-4CEB-8546-C64FAF50800A}.Release|Any CPU.ActiveCfg = Release|Any CPU
		{18E5EF51-1C01-4CEB-8546-C64FAF50800A}.Release|Any CPU.Build.0 = Release|Any CPU
	EndGlobalSection
	GlobalSection(SolutionProperties) = preSolution
		HideSolutionNode = FALSE
	EndGlobalSection
	GlobalSection(NestedProjects) = preSolution
		{E383543D-F779-4BEE-B8FB-C737204A53F7} = {7881FA74-7FC4-4068-80F6-1B38A9A46057}
		{679295D4-8FC7-4E4D-BF44-B78D1E958D3F} = {6CC06E4E-9896-42D8-9DAE-DB49DDDEDDB8}
		{473FA86A-19EE-4648-B2EB-4020BA3479C0} = {68FC26AB-77BC-4E82-91E7-94C5DB1869D5}
		{3E37E58C-E9C1-4279-AB37-3F740606125D} = {68FC26AB-77BC-4E82-91E7-94C5DB1869D5}
		{32C2C88E-E7FB-4562-B2E3-51AA9251DEC6} = {2C2BD212-4665-4EA4-9C3E-F6FE9628C58E}
		{A0990BA7-FAB2-4320-8504-CEBF316DF1F6} = {7881FA74-7FC4-4068-80F6-1B38A9A46057}
		{18E5EF51-1C01-4CEB-8546-C64FAF50800A} = {68FC26AB-77BC-4E82-91E7-94C5DB1869D5}
	EndGlobalSection
EndGlobal
